# THIS IS AN AUTOGENERATED FILE. DO NOT EDIT THIS FILE DIRECTLY.
# yarn lockfile v1


"env-obj@0.0.2":
  "integrity" "sha1-ZIwOil2AOqnNQMbORXtAjjak494="
  "resolved" "https://registry.npmjs.org/env-obj/-/env-obj-0.0.2.tgz"
  "version" "0.0.2"

"lodash.defaultsdeep@^4.6.1":
  "integrity" "sha512-3j8wdDzYuWO3lM3Reg03MuQR957t287Rpcxp1njpEa8oDrikb+FwGdW3n+FELh/A6qib6yPit0j/pv9G/yeAqA=="
  "resolved" "https://registry.npmjs.org/lodash.defaultsdeep/-/lodash.defaultsdeep-4.6.1.tgz"
  "version" "4.6.1"

"minimist@^1.1.0":
  "integrity" "sha512-FM9nNUYrRBAELZQT3xeZQ7fmMOBg6nWNmJKTcgsJeaLstP/UODVpGsr5OhXhhXg6f+qtJ8uiZ+PUxkDWcgIXLw=="
  "resolved" "https://registry.npmjs.org/minimist/-/minimist-1.2.5.tgz"
  "version" "1.2.5"

"subarg@^1.0.0":
  "integrity" "sha1-9izxdYHplrSPyWVpn1TAauJouNI="
  "resolved" "https://registry.npmjs.org/subarg/-/subarg-1.0.0.tgz"
  "version" "1.0.0"
  dependencies:
    "minimist" "^1.1.0"
